
Microsoft Visual Studio Solution File, Format Version 12.00
# Visual Studio 2012
Project("{FAE04EC0-301F-11D3-BF4B-00C04F79EFBC}") = "jinalshah_coaching_class", "jinalshah_coaching_class\jinalshah_coaching_class.csproj", "{7EBE664D-4B50-4E52-9FE1-D94EC247FCFE}"
EndProject
Global
	GlobalSection(SolutionConfigurationPlatforms) = preSolution
		Debug|Any CPU = Debug|Any CPU
		Release|Any CPU = Release|Any CPU
	EndGlobalSection
	GlobalSection(ProjectConfigurationPlatforms) = postSolution
		{7EBE664D-4B50-4E52-9FE1-D94EC247FCFE}.Debug|Any CPU.ActiveCfg = Debug|Any CPU
		{7EBE664D-4B50-4E52-9FE1-D94EC247FCFE}.Debug|Any CPU.Build.0 = Debug|Any CPU
		{7EBE664D-4B50-4E52-9FE1-D94EC247FCFE}.Release|Any CPU.ActiveCfg = Release|Any CPU
		{7EBE664D-4B50-4E52-9FE1-D94EC247FCFE}.Release|Any CPU.Build.0 = Release|Any CPU
	EndGlobalSection
	GlobalSection(SolutionProperties) = preSolution
		HideSolutionNode = FALSE
	EndGlobalSection
EndGlobal
